// !$*UTF8*$!
{
	archiveVersion = 1;
	classes = {
	};
	objectVersion = 50;
	objects = {

/* Begin PBXBuildFile section */
		6DA49EC9220DD20100A96FA7 /* AppDelegate.swift in Sources */ = {isa = PBXBuildFile; fileRef = 6DA49EC8220DD20100A96FA7 /* AppDelegate.swift */; };
		6DA49ECB220DD20100A96FA7 /* ViewController.swift in Sources */ = {isa = PBXBuildFile; fileRef = 6DA49ECA220DD20100A96FA7 /* ViewController.swift */; };
		6DA49ECE220DD20100A96FA7 /* Main.storyboard in Resources */ = {isa = PBXBuildFile; fileRef = 6DA49ECC220DD20100A96FA7 /* Main.storyboard */; };
		6DA49ED0220DD20200A96FA7 /* Assets.xcassets in Resources */ = {isa = PBXBuildFile; fileRef = 6DA49ECF220DD20200A96FA7 /* Assets.xcassets */; };
		6DA49ED3220DD20200A96FA7 /* LaunchScreen.storyboard in Resources */ = {isa = PBXBuildFile; fileRef = 6DA49ED1220DD20200A96FA7 /* LaunchScreen.storyboard */; };
		6DE9C4FF2210A05F00F1514C /* BLEutils.swift in Sources */ = {isa = PBXBuildFile; fileRef = 6DE9C4FD2210A05F00F1514C /* BLEutils.swift */; };
		6DE9C5022210A2E500F1514C /* BLEperipheralViewController.swift in Sources */ = {isa = PBXBuildFile; fileRef = 6DE9C5002210A2E500F1514C /* BLEperipheralViewController.swift */; };
/* End PBXBuildFile section */

/* Begin PBXFileReference section */
		6DA49EC5220DD20100A96FA7 /* loraping.app */ = {isa = PBXFileReference; explicitFileType = wrapper.application; includeInIndex = 0; path = loraping.app; sourceTree = BUILT_PRODUCTS_DIR; };
		6DA49EC8220DD20100A96FA7 /* AppDelegate.swift */ = {isa = PBXFileReference; lastKnownFileType = sourcecode.swift; path = AppDelegate.swift; sourceTree = "<group>"; };
		6DA49ECA220DD20100A96FA7 /* ViewController.swift */ = {isa = PBXFileReference; lastKnownFileType = sourcecode.swift; path = ViewController.swift; sourceTree = "<group>"; };
		6DA49ECD220DD20100A96FA7 /* Base */ = {isa = PBXFileReference; lastKnownFileType = file.storyboard; name = Base; path = Base.lproj/Main.storyboard; sourceTree = "<group>"; };
		6DA49ECF220DD20200A96FA7 /* Assets.xcassets */ = {isa = PBXFileReference; lastKnownFileType = folder.assetcatalog; path = Assets.xcassets; sourceTree = "<group>"; };
		6DA49ED2220DD20200A96FA7 /* Base */ = {isa = PBXFileReference; lastKnownFileType = file.storyboard; name = Base; path = Base.lproj/LaunchScreen.storyboard; sourceTree = "<group>"; };
		6DA49ED4220DD20200A96FA7 /* Info.plist */ = {isa = PBXFileReference; lastKnownFileType = text.plist.xml; path = Info.plist; sourceTree = "<group>"; };
		6DE9C4FD2210A05F00F1514C /* BLEutils.swift */ = {isa = PBXFileReference; fileEncoding = 4; lastKnownFileType = sourcecode.swift; path = BLEutils.swift; sourceTree = "<group>"; };
		6DE9C5002210A2E500F1514C /* BLEperipheralViewController.swift */ = {isa = PBXFileReference; fileEncoding = 4; lastKnownFileType = sourcecode.swift; path = BLEperipheralViewController.swift; sourceTree = "<group>"; };
		B04544DB2774C52D00AE3AF6 /* loraping.entitlements */ = {isa = PBXFileReference; lastKnownFileType = text.plist.entitlements; path = loraping.entitlements; sourceTree = "<group>"; };
/* End PBXFileReference section */

/* Begin PBXFrameworksBuildPhase section */
		6DA49EC2220DD20100A96FA7 /* Frameworks */ = {
			isa = PBXFrameworksBuildPhase;
			buildActionMask = 2147483647;
			files = (
			);
			runOnlyForDeploymentPostprocessing = 0;
		};
/* End PBXFrameworksBuildPhase section */

/* Begin PBXGroup section */
		6DA49EBC220DD20100A96FA7 = {
			isa = PBXGroup;
			children = (
				6DA49EC7220DD20100A96FA7 /* loraping */,
				6DA49EC6220DD20100A96FA7 /* Products */,
				B0D09B83221C5F8C0087C560 /* Frameworks */,
			);
			sourceTree = "<group>";
		};
		6DA49EC6220DD20100A96FA7 /* Products */ = {
			isa = PBXGroup;
			children = (
				6DA49EC5220DD20100A96FA7 /* loraping.app */,
			);
			name = Products;
			sourceTree = "<group>";
		};
		6DA49EC7220DD20100A96FA7 /* loraping */ = {
			isa = PBXGroup;
			children = (
				B04544DB2774C52D00AE3AF6 /* loraping.entitlements */,
				6DA49EC8220DD20100A96FA7 /* AppDelegate.swift */,
				6DA49ECA220DD20100A96FA7 /* ViewController.swift */,
				6DE9C5002210A2E500F1514C /* BLEperipheralViewController.swift */,
				6DE9C4FD2210A05F00F1514C /* BLEutils.swift */,
				6DA49ECC220DD20100A96FA7 /* Main.storyboard */,
				6DA49ECF220DD20200A96FA7 /* Assets.xcassets */,
				6DA49ED1220DD20200A96FA7 /* LaunchScreen.storyboard */,
				6DA49ED4220DD20200A96FA7 /* Info.plist */,
			);
			path = loraping;
			sourceTree = "<group>";
		};
		B0D09B83221C5F8C0087C560 /* Frameworks */ = {
			isa = PBXGroup;
			children = (
			);
			name = Frameworks;
			sourceTree = "<group>";
		};
/* End PBXGroup section */

/* Begin PBXNativeTarget section */
		6DA49EC4220DD20100A96FA7 /* loraping */ = {
			isa = PBXNativeTarget;
			buildConfigurationList = 6DA49EED220DD20200A96FA7 /* Build configuration list for PBXNativeTarget "loraping" */;
			buildPhases = (
				6DA49EC1220DD20100A96FA7 /* Sources */,
				6DA49EC2220DD20100A96FA7 /* Frameworks */,
				6DA49EC3220DD20100A96FA7 /* Resources */,
			);
			buildRules = (
			);
			dependencies = (
			);
			name = loraping;
			productName = blerfer;
			productReference = 6DA49EC5220DD20100A96FA7 /* loraping.app */;
			productType = "com.apple.product-type.application";
		};
/* End PBXNativeTarget section */

/* Begin PBXProject section */
		6DA49EBD220DD20100A96FA7 /* Project object */ = {
			isa = PBXProject;
			attributes = {
				LastSwiftUpdateCheck = 1010;
				LastUpgradeCheck = 1010;
				ORGANIZATIONNAME = "Brian Dodge";
				TargetAttributes = {
					6DA49EC4220DD20100A96FA7 = {
						CreatedOnToolsVersion = 10.1;
						LastSwiftMigration = 1010;
					};
				};
			};
			buildConfigurationList = 6DA49EC0220DD20100A96FA7 /* Build configuration list for PBXProject "loraping" */;
			compatibilityVersion = "Xcode 9.3";
			developmentRegion = en;
			hasScannedForEncodings = 0;
			knownRegions = (
				en,
				Base,
			);
			mainGroup = 6DA49EBC220DD20100A96FA7;
			productRefGroup = 6DA49EC6220DD20100A96FA7 /* Products */;
			projectDirPath = "";
			projectRoot = "";
			targets = (
				6DA49EC4220DD20100A96FA7 /* loraping */,
			);
		};
/* End PBXProject section */

/* Begin PBXResourcesBuildPhase section */
		6DA49EC3220DD20100A96FA7 /* Resources */ = {
			isa = PBXResourcesBuildPhase;
			buildActionMask = 2147483647;
			files = (
				6DA49ED3220DD20200A96FA7 /* LaunchScreen.storyboard in Resources */,
				6DA49ED0220DD20200A96FA7 /* Assets.xcassets in Resources */,
				6DA49ECE220DD20100A96FA7 /* Main.storyboard in Resources */,
			);
			runOnlyForDeploymentPostprocessing = 0;
		};
/* End PBXResourcesBuildPhase section */

/* Begin PBXSourcesBuildPhase section */
		6DA49EC1220DD20100A96FA7 /* Sources */ = {
			isa = PBXSourcesBuildPhase;
			buildActionMask = 2147483647;
			files = (
				6DA49ECB220DD20100A96FA7 /* ViewController.swift in Sources */,
				6DE9C4FF2210A05F00F1514C /* BLEutils.swift in Sources */,
				6DA49EC9220DD20100A96FA7 /* AppDelegate.swift in Sources */,
				6DE9C5022210A2E500F1514C /* BLEperipheralViewController.swift in Sources */,
			);
			runOnlyForDeploymentPostprocessing = 0;
		};
/* End PBXSourcesBuildPhase section */

/* Begin PBXVariantGroup section */
		6DA49ECC220DD20100A96FA7 /* Main.storyboard */ = {
			isa = PBXVariantGroup;
			children = (
				6DA49ECD220DD20100A96FA7 /* Base */,
			);
			name = Main.storyboard;
			sourceTree = "<group>";
		};
		6DA49ED1220DD20200A96FA7 /* LaunchScreen.storyboard */ = {
			isa = PBXVariantGroup;
			children = (
				6DA49ED2220DD20200A96FA7 /* Base */,
			);
			name = LaunchScreen.storyboard;
			sourceTree = "<group>";
		};
/* End PBXVariantGroup section */

/* Begin XCBuildConfiguration section */
		6DA49EEB220DD20200A96FA7 /* Debug */ = {
			isa = XCBuildConfiguration;
			buildSettings = {
				ALWAYS_SEARCH_USER_PATHS = NO;
				CLANG_ANALYZER_NONNULL = YES;
				CLANG_ANALYZER_NUMBER_OBJECT_CONVERSION = YES_AGGRESSIVE;
				CLANG_CXX_LANGUAGE_STANDARD = "gnu++14";
				CLANG_CXX_LIBRARY = "libc++";
				CLANG_ENABLE_MODULES = YES;
				CLANG_ENABLE_OBJC_ARC = YES;
				CLANG_ENABLE_OBJC_WEAK = YES;
				CLANG_WARN_BLOCK_CAPTURE_AUTORELEASING = YES;
				CLANG_WARN_BOOL_CONVERSION = YES;
				CLANG_WARN_COMMA = YES;
				CLANG_WARN_CONSTANT_CONVERSION = YES;
				CLANG_WARN_DEPRECATED_OBJC_IMPLEMENTATIONS = YES;
				CLANG_WARN_DIRECT_OBJC_ISA_USAGE = YES_ERROR;
				CLANG_WARN_DOCUMENTATION_COMMENTS = YES;
				CLANG_WARN_EMPTY_BODY = YES;
				CLANG_WARN_ENUM_CONVERSION = YES;
				CLANG_WARN_INFINITE_RECURSION = YES;
				CLANG_WARN_INT_CONVERSION = YES;
				CLANG_WARN_NON_LITERAL_NULL_CONVERSION = YES;
				CLANG_WARN_OBJC_IMPLICIT_RETAIN_SELF = YES;
				CLANG_WARN_OBJC_LITERAL_CONVERSION = YES;
				CLANG_WARN_OBJC_ROOT_CLASS = YES_ERROR;
				CLANG_WARN_RANGE_LOOP_ANALYSIS = YES;
				CLANG_WARN_STRICT_PROTOTYPES = YES;
				CLANG_WARN_SUSPICIOUS_MOVE = YES;
				CLANG_WARN_UNGUARDED_AVAILABILITY = YES_AGGRESSIVE;
				CLANG_WARN_UNREACHABLE_CODE = YES;
				CLANG_WARN__DUPLICATE_METHOD_MATCH = YES;
				CODE_SIGN_IDENTITY = "iPhone Developer";
				COPY_PHASE_STRIP = NO;
				DEBUG_INFORMATION_FORMAT = dwarf;
				ENABLE_STRICT_OBJC_MSGSEND = YES;
				ENABLE_TESTABILITY = YES;
				GCC_C_LANGUAGE_STANDARD = gnu11;
				GCC_DYNAMIC_NO_PIC = NO;
				GCC_NO_COMMON_BLOCKS = YES;
				GCC_OPTIMIZATION_LEVEL = 0;
				GCC_PREPROCESSOR_DEFINITIONS = (
					"DEBUG=1",
					"$(inherited)",
				);
				GCC_WARN_64_TO_32_BIT_CONVERSION = YES;
				GCC_WARN_ABOUT_RETURN_TYPE = YES_ERROR;
				GCC_WARN_UNDECLARED_SELECTOR = YES;
				GCC_WARN_UNINITIALIZED_AUTOS = YES_AGGRESSIVE;
				GCC_WARN_UNUSED_FUNCTION = YES;
				GCC_WARN_UNUSED_VARIABLE = YES;
				IPHONEOS_DEPLOYMENT_TARGET = 10.0;
				MTL_ENABLE_DEBUG_INFO = INCLUDE_SOURCE;
				MTL_FAST_MATH = YES;
				ONLY_ACTIVE_ARCH = YES;
				SDKROOT = iphoneos;
				SWIFT_ACTIVE_COMPILATION_CONDITIONS = DEBUG;
				SWIFT_OPTIMIZATION_LEVEL = "-Onone";
			};
			name = Debug;
		};
		6DA49EEC220DD20200A96FA7 /* Release */ = {
			isa = XCBuildConfiguration;
			buildSettings = {
				ALWAYS_SEARCH_USER_PATHS = NO;
				CLANG_ANALYZER_NONNULL = YES;
				CLANG_ANALYZER_NUMBER_OBJECT_CONVERSION = YES_AGGRESSIVE;
				CLANG_CXX_LANGUAGE_STANDARD = "gnu++14";
				CLANG_CXX_LIBRARY = "libc++";
				CLANG_ENABLE_MODULES = YES;
				CLANG_ENABLE_OBJC_ARC = YES;
				CLANG_ENABLE_OBJC_WEAK = YES;
				CLANG_WARN_BLOCK_CAPTURE_AUTORELEASING = YES;
				CLANG_WARN_BOOL_CONVERSION = YES;
				CLANG_WARN_COMMA = YES;
				CLANG_WARN_CONSTANT_CONVERSION = YES;
				CLANG_WARN_DEPRECATED_OBJC_IMPLEMENTATIONS = YES;
				CLANG_WARN_DIRECT_OBJC_ISA_USAGE = YES_ERROR;
				CLANG_WARN_DOCUMENTATION_COMMENTS = YES;
				CLANG_WARN_EMPTY_BODY = YES;
				CLANG_WARN_ENUM_CONVERSION = YES;
				CLANG_WARN_INFINITE_RECURSION = YES;
				CLANG_WARN_INT_CONVERSION = YES;
				CLANG_WARN_NON_LITERAL_NULL_CONVERSION = YES;
				CLANG_WARN_OBJC_IMPLICIT_RETAIN_SELF = YES;
				CLANG_WARN_OBJC_LITERAL_CONVERSION = YES;
				CLANG_WARN_OBJC_ROOT_CLASS = YES_ERROR;
				CLANG_WARN_RANGE_LOOP_ANALYSIS = YES;
				CLANG_WARN_STRICT_PROTOTYPES = YES;
				CLANG_WARN_SUSPICIOUS_MOVE = YES;
				CLANG_WARN_UNGUARDED_AVAILABILITY = YES_AGGRESSIVE;
				CLANG_WARN_UNREACHABLE_CODE = YES;
				CLANG_WARN__DUPLICATE_METHOD_MATCH = YES;
				CODE_SIGN_IDENTITY = "iPhone Developer";
				COPY_PHASE_STRIP = NO;
				DEBUG_INFORMATION_FORMAT = "dwarf-with-dsym";
				ENABLE_NS_ASSERTIONS = NO;
				ENABLE_STRICT_OBJC_MSGSEND = YES;
				GCC_C_LANGUAGE_STANDARD = gnu11;
				GCC_NO_COMMON_BLOCKS = YES;
				GCC_WARN_64_TO_32_BIT_CONVERSION = YES;
				GCC_WARN_ABOUT_RETURN_TYPE = YES_ERROR;
				GCC_WARN_UNDECLARED_SELECTOR = YES;
				GCC_WARN_UNINITIALIZED_AUTOS = YES_AGGRESSIVE;
				GCC_WARN_UNUSED_FUNCTION = YES;
				GCC_WARN_UNUSED_VARIABLE = YES;
				IPHONEOS_DEPLOYMENT_TARGET = 10.0;
				MTL_ENABLE_DEBUG_INFO = NO;
				MTL_FAST_MATH = YES;
				SDKROOT = iphoneos;
				SWIFT_COMPILATION_MODE = wholemodule;
				SWIFT_OPTIMIZATION_LEVEL = "-O";
				VALIDATE_PRODUCT = YES;
			};
			name = Release;
		};
		6DA49EEE220DD20200A96FA7 /* Debug */ = {
			isa = XCBuildConfiguration;
			buildSettings = {
				ASSETCATALOG_COMPILER_APPICON_NAME = AppIcon;
				CLANG_ENABLE_MODULES = YES;
				CODE_SIGN_ENTITLEMENTS = loraping/loraping.entitlements;
				CODE_SIGN_STYLE = Automatic;
				DEVELOPMENT_TEAM = P9Z8AH24CY;
				INFOPLIST_FILE = "$(SRCROOT)/loraping/Info.plist";
				IPHONEOS_DEPLOYMENT_TARGET = 9.0;
				LD_RUNPATH_SEARCH_PATHS = (
					"$(inherited)",
					"@executable_path/Frameworks",
				);
				ONLY_ACTIVE_ARCH = NO;
				PRODUCT_BUNDLE_IDENTIFIER = CCI.blerfer;
				PRODUCT_NAME = "$(TARGET_NAME)";
				SUPPORTS_MACCATALYST = YES;
				SWIFT_OBJC_BRIDGING_HEADER = "";
				SWIFT_OPTIMIZATION_LEVEL = "-Onone";
				SWIFT_VERSION = 4.2;
				TARGETED_DEVICE_FAMILY = "1,2";
			};
			name = Debug;
		};
		6DA49EEF220DD20200A96FA7 /* Release */ = {
			isa = XCBuildConfiguration;
			buildSettings = {
				ASSETCATALOG_COMPILER_APPICON_NAME = AppIcon;
				CLANG_ENABLE_MODULES = YES;
				CODE_SIGN_ENTITLEMENTS = loraping/loraping.entitlements;
				CODE_SIGN_STYLE = Automatic;
				DEVELOPMENT_TEAM = P9Z8AH24CY;
				INFOPLIST_FILE = "$(SRCROOT)/loraping/Info.plist";
				IPHONEOS_DEPLOYMENT_TARGET = 9.0;
				LD_RUNPATH_SEARCH_PATHS = (
					"$(inherited)",
					"@executable_path/Frameworks",
				);
				ONLY_ACTIVE_ARCH = NO;
				PRODUCT_BUNDLE_IDENTIFIER = CCI.blerfer;
				PRODUCT_NAME = "$(TARGET_NAME)";
				SUPPORTS_MACCATALYST = YES;
				SWIFT_OBJC_BRIDGING_HEADER = "";
				SWIFT_VERSION = 4.2;
				TARGETED_DEVICE_FAMILY = "1,2";
			};
			name = Release;
		};
/* End XCBuildConfiguration section */

/* Begin XCConfigurationList section */
		6DA49EC0220DD20100A96FA7 /* Build configuration list for PBXProject "loraping" */ = {
			isa = XCConfigurationList;
			buildConfigurations = (
				6DA49EEB220DD20200A96FA7 /* Debug */,
				6DA49EEC220DD20200A96FA7 /* Release */,
			);
			defaultConfigurationIsVisible = 0;
			defaultConfigurationName = Release;
		};
		6DA49EED220DD20200A96FA7 /* Build configuration list for PBXNativeTarget "loraping" */ = {
			isa = XCConfigurationList;
			buildConfigurations = (
				6DA49EEE220DD20200A96FA7 /* Debug */,
				6DA49EEF220DD20200A96FA7 /* Release */,
			);
			defaultConfigurationIsVisible = 0;
			defaultConfigurationName = Release;
		};
/* End XCConfigurationList section */
	};
	rootObject = 6DA49EBD220DD20100A96FA7 /* Project object */;
}
